
Microsoft Visual Studio Solution File, Format Version 12.00
# Visual Studio Version 17
VisualStudioVersion = 17.1.32210.238
MinimumVisualStudioVersion = 10.0.40219.1
Project("{FAE04EC0-301F-11D3-BF4B-00C04F79EFBC}") = "GestaoCompras", "GestaoCompras.csproj", "{AC2B429E-BA75-475C-A0AA-B3998374D50B}"
EndProject
Global
	GlobalSection(SolutionConfigurationPlatforms) = preSolution
		Debug|Any CPU = Debug|Any CPU
		Release|Any CPU = Release|Any CPU
	EndGlobalSection
	GlobalSection(ProjectConfigurationPlatforms) = postSolution
		{AC2B429E-BA75-475C-A0AA-B3998374D50B}.Debug|Any CPU.ActiveCfg = Debug|Any CPU
		{AC2B429E-BA75-475C-A0AA-B3998374D50B}.Debug|Any CPU.Build.0 = Debug|Any CPU
		{AC2B429E-BA75-475C-A0AA-B3998374D50B}.Release|Any CPU.ActiveCfg = Release|Any CPU
		{AC2B429E-BA75-475C-A0AA-B3998374D50B}.Release|Any CPU.Build.0 = Release|Any CPU
	EndGlobalSection
	GlobalSection(SolutionProperties) = preSolution
		HideSolutionNode = FALSE
	EndGlobalSection
	GlobalSection(ExtensibilityGlobals) = postSolution
		SolutionGuid = {D03D80CE-874B-4744-86F5-F891944383C4}
	EndGlobalSection
EndGlobal
